// !$*UTF8*$!
{
	archiveVersion = 1;
	classes = {
	};
	objectVersion = 50;
	objects = {

/* Begin PBXBuildFile section */
		5C91BE7525F2B07B001F7BA6 /* AppDelegate.swift in Sources */ = {isa = PBXBuildFile; fileRef = 5C91BE7425F2B07B001F7BA6 /* AppDelegate.swift */; };
		5C91BE7725F2B07B001F7BA6 /* SceneDelegate.swift in Sources */ = {isa = PBXBuildFile; fileRef = 5C91BE7625F2B07B001F7BA6 /* SceneDelegate.swift */; };
		5C91BE7925F2B07B001F7BA6 /* LoginViewController.swift in Sources */ = {isa = PBXBuildFile; fileRef = 5C91BE7825F2B07B001F7BA6 /* LoginViewController.swift */; };
		5C91BE7C25F2B07B001F7BA6 /* Main.storyboard in Resources */ = {isa = PBXBuildFile; fileRef = 5C91BE7A25F2B07B001F7BA6 /* Main.storyboard */; };
		5C91BE7E25F2B07E001F7BA6 /* Assets.xcassets in Resources */ = {isa = PBXBuildFile; fileRef = 5C91BE7D25F2B07E001F7BA6 /* Assets.xcassets */; };
		5C91BE8125F2B07E001F7BA6 /* LaunchScreen.storyboard in Resources */ = {isa = PBXBuildFile; fileRef = 5C91BE7F25F2B07E001F7BA6 /* LaunchScreen.storyboard */; };
		5C91BE8C25F2B07E001F7BA6 /* FriendsTests.swift in Sources */ = {isa = PBXBuildFile; fileRef = 5C91BE8B25F2B07E001F7BA6 /* FriendsTests.swift */; };
		5C91BE9725F2B07E001F7BA6 /* FriendsUITests.swift in Sources */ = {isa = PBXBuildFile; fileRef = 5C91BE9625F2B07E001F7BA6 /* FriendsUITests.swift */; };
		5C91BEAD25F56C17001F7BA6 /* LoginService.swift in Sources */ = {isa = PBXBuildFile; fileRef = 5C91BEAC25F56C17001F7BA6 /* LoginService.swift */; };
		5C91BEB225F56C8B001F7BA6 /* UserModel.swift in Sources */ = {isa = PBXBuildFile; fileRef = 5C91BEB125F56C8B001F7BA6 /* UserModel.swift */; };
		5C91BEBB25F56DFF001F7BA6 /* LoginViewModel.swift in Sources */ = {isa = PBXBuildFile; fileRef = 5C91BEBA25F56DFF001F7BA6 /* LoginViewModel.swift */; };
		5C91BEC025F56E24001F7BA6 /* FriendsViewModel.swift in Sources */ = {isa = PBXBuildFile; fileRef = 5C91BEBF25F56E24001F7BA6 /* FriendsViewModel.swift */; };
		5C91BEC525F56E36001F7BA6 /* FriendsViewController.swift in Sources */ = {isa = PBXBuildFile; fileRef = 5C91BEC425F56E36001F7BA6 /* FriendsViewController.swift */; };
		5C91BED825F6A917001F7BA6 /* BaseAPI.swift in Sources */ = {isa = PBXBuildFile; fileRef = 5C91BED725F6A917001F7BA6 /* BaseAPI.swift */; };
		5C91BEDD25F6AABD001F7BA6 /* Extensions.swift in Sources */ = {isa = PBXBuildFile; fileRef = 5C91BEDC25F6AABC001F7BA6 /* Extensions.swift */; };
		5C91BEE225F6AAFE001F7BA6 /* LoginRequestModel.swift in Sources */ = {isa = PBXBuildFile; fileRef = 5C91BEE125F6AAFE001F7BA6 /* LoginRequestModel.swift */; };
		5C91BEE825F6AB96001F7BA6 /* Constants.swift in Sources */ = {isa = PBXBuildFile; fileRef = 5C91BEE725F6AB96001F7BA6 /* Constants.swift */; };
		5C91BEF025F771BB001F7BA6 /* LiveData.swift in Sources */ = {isa = PBXBuildFile; fileRef = 5C91BEEF25F771BB001F7BA6 /* LiveData.swift */; };
/* End PBXBuildFile section */

/* Begin PBXContainerItemProxy section */
		5C91BE8825F2B07E001F7BA6 /* PBXContainerItemProxy */ = {
			isa = PBXContainerItemProxy;
			containerPortal = 5C91BE6925F2B07B001F7BA6 /* Project object */;
			proxyType = 1;
			remoteGlobalIDString = 5C91BE7025F2B07B001F7BA6;
			remoteInfo = Friends;
		};
		5C91BE9325F2B07E001F7BA6 /* PBXContainerItemProxy */ = {
			isa = PBXContainerItemProxy;
			containerPortal = 5C91BE6925F2B07B001F7BA6 /* Project object */;
			proxyType = 1;
			remoteGlobalIDString = 5C91BE7025F2B07B001F7BA6;
			remoteInfo = Friends;
		};
/* End PBXContainerItemProxy section */

/* Begin PBXFileReference section */
		5C91BE7125F2B07B001F7BA6 /* Friends.app */ = {isa = PBXFileReference; explicitFileType = wrapper.application; includeInIndex = 0; path = Friends.app; sourceTree = BUILT_PRODUCTS_DIR; };
		5C91BE7425F2B07B001F7BA6 /* AppDelegate.swift */ = {isa = PBXFileReference; lastKnownFileType = sourcecode.swift; path = AppDelegate.swift; sourceTree = "<group>"; };
		5C91BE7625F2B07B001F7BA6 /* SceneDelegate.swift */ = {isa = PBXFileReference; lastKnownFileType = sourcecode.swift; path = SceneDelegate.swift; sourceTree = "<group>"; };
		5C91BE7825F2B07B001F7BA6 /* LoginViewController.swift */ = {isa = PBXFileReference; lastKnownFileType = sourcecode.swift; path = LoginViewController.swift; sourceTree = "<group>"; };
		5C91BE7B25F2B07B001F7BA6 /* Base */ = {isa = PBXFileReference; lastKnownFileType = file.storyboard; name = Base; path = Base.lproj/Main.storyboard; sourceTree = "<group>"; };
		5C91BE7D25F2B07E001F7BA6 /* Assets.xcassets */ = {isa = PBXFileReference; lastKnownFileType = folder.assetcatalog; path = Assets.xcassets; sourceTree = "<group>"; };
		5C91BE8025F2B07E001F7BA6 /* Base */ = {isa = PBXFileReference; lastKnownFileType = file.storyboard; name = Base; path = Base.lproj/LaunchScreen.storyboard; sourceTree = "<group>"; };
		5C91BE8225F2B07E001F7BA6 /* Info.plist */ = {isa = PBXFileReference; lastKnownFileType = text.plist.xml; path = Info.plist; sourceTree = "<group>"; };
		5C91BE8725F2B07E001F7BA6 /* FriendsTests.xctest */ = {isa = PBXFileReference; explicitFileType = wrapper.cfbundle; includeInIndex = 0; path = FriendsTests.xctest; sourceTree = BUILT_PRODUCTS_DIR; };
		5C91BE8B25F2B07E001F7BA6 /* FriendsTests.swift */ = {isa = PBXFileReference; lastKnownFileType = sourcecode.swift; path = FriendsTests.swift; sourceTree = "<group>"; };
		5C91BE8D25F2B07E001F7BA6 /* Info.plist */ = {isa = PBXFileReference; lastKnownFileType = text.plist.xml; path = Info.plist; sourceTree = "<group>"; };
		5C91BE9225F2B07E001F7BA6 /* FriendsUITests.xctest */ = {isa = PBXFileReference; explicitFileType = wrapper.cfbundle; includeInIndex = 0; path = FriendsUITests.xctest; sourceTree = BUILT_PRODUCTS_DIR; };
		5C91BE9625F2B07E001F7BA6 /* FriendsUITests.swift */ = {isa = PBXFileReference; lastKnownFileType = sourcecode.swift; path = FriendsUITests.swift; sourceTree = "<group>"; };
		5C91BE9825F2B07E001F7BA6 /* Info.plist */ = {isa = PBXFileReference; lastKnownFileType = text.plist.xml; path = Info.plist; sourceTree = "<group>"; };
		5C91BEAC25F56C17001F7BA6 /* LoginService.swift */ = {isa = PBXFileReference; lastKnownFileType = sourcecode.swift; path = LoginService.swift; sourceTree = "<group>"; };
		5C91BEB125F56C8B001F7BA6 /* UserModel.swift */ = {isa = PBXFileReference; lastKnownFileType = sourcecode.swift; path = UserModel.swift; sourceTree = "<group>"; };
		5C91BEBA25F56DFF001F7BA6 /* LoginViewModel.swift */ = {isa = PBXFileReference; lastKnownFileType = sourcecode.swift; path = LoginViewModel.swift; sourceTree = "<group>"; };
		5C91BEBF25F56E24001F7BA6 /* FriendsViewModel.swift */ = {isa = PBXFileReference; lastKnownFileType = sourcecode.swift; path = FriendsViewModel.swift; sourceTree = "<group>"; };
		5C91BEC425F56E36001F7BA6 /* FriendsViewController.swift */ = {isa = PBXFileReference; lastKnownFileType = sourcecode.swift; path = FriendsViewController.swift; sourceTree = "<group>"; };
		5C91BED725F6A917001F7BA6 /* BaseAPI.swift */ = {isa = PBXFileReference; lastKnownFileType = sourcecode.swift; path = BaseAPI.swift; sourceTree = "<group>"; };
		5C91BEDC25F6AABC001F7BA6 /* Extensions.swift */ = {isa = PBXFileReference; lastKnownFileType = sourcecode.swift; path = Extensions.swift; sourceTree = "<group>"; };
		5C91BEE125F6AAFE001F7BA6 /* LoginRequestModel.swift */ = {isa = PBXFileReference; lastKnownFileType = sourcecode.swift; path = LoginRequestModel.swift; sourceTree = "<group>"; };
		5C91BEE725F6AB96001F7BA6 /* Constants.swift */ = {isa = PBXFileReference; lastKnownFileType = sourcecode.swift; path = Constants.swift; sourceTree = "<group>"; };
		5C91BEEF25F771BB001F7BA6 /* LiveData.swift */ = {isa = PBXFileReference; lastKnownFileType = sourcecode.swift; path = LiveData.swift; sourceTree = "<group>"; };
/* End PBXFileReference section */

/* Begin PBXFrameworksBuildPhase section */
		5C91BE6E25F2B07B001F7BA6 /* Frameworks */ = {
			isa = PBXFrameworksBuildPhase;
			buildActionMask = 2147483647;
			files = (
			);
			runOnlyForDeploymentPostprocessing = 0;
		};
		5C91BE8425F2B07E001F7BA6 /* Frameworks */ = {
			isa = PBXFrameworksBuildPhase;
			buildActionMask = 2147483647;
			files = (
			);
			runOnlyForDeploymentPostprocessing = 0;
		};
		5C91BE8F25F2B07E001F7BA6 /* Frameworks */ = {
			isa = PBXFrameworksBuildPhase;
			buildActionMask = 2147483647;
			files = (
			);
			runOnlyForDeploymentPostprocessing = 0;
		};
/* End PBXFrameworksBuildPhase section */

/* Begin PBXGroup section */
		5C91BE6825F2B07B001F7BA6 = {
			isa = PBXGroup;
			children = (
				5C91BE7325F2B07B001F7BA6 /* Friends */,
				5C91BE8A25F2B07E001F7BA6 /* FriendsTests */,
				5C91BE9525F2B07E001F7BA6 /* FriendsUITests */,
				5C91BE7225F2B07B001F7BA6 /* Products */,
			);
			sourceTree = "<group>";
		};
		5C91BE7225F2B07B001F7BA6 /* Products */ = {
			isa = PBXGroup;
			children = (
				5C91BE7125F2B07B001F7BA6 /* Friends.app */,
				5C91BE8725F2B07E001F7BA6 /* FriendsTests.xctest */,
				5C91BE9225F2B07E001F7BA6 /* FriendsUITests.xctest */,
			);
			name = Products;
			sourceTree = "<group>";
		};
		5C91BE7325F2B07B001F7BA6 /* Friends */ = {
			isa = PBXGroup;
			children = (
				5C91BEE625F6AB85001F7BA6 /* common */,
				5C91BEB625F56D19001F7BA6 /* views */,
				5C91BEAB25F56C00001F7BA6 /* service */,
				5C91BEAA25F56B38001F7BA6 /* models */,
				5C91BE7425F2B07B001F7BA6 /* AppDelegate.swift */,
				5C91BE7625F2B07B001F7BA6 /* SceneDelegate.swift */,
				5C91BE7A25F2B07B001F7BA6 /* Main.storyboard */,
				5C91BE7D25F2B07E001F7BA6 /* Assets.xcassets */,
				5C91BE7F25F2B07E001F7BA6 /* LaunchScreen.storyboard */,
				5C91BE8225F2B07E001F7BA6 /* Info.plist */,
			);
			path = Friends;
			sourceTree = "<group>";
		};
		5C91BE8A25F2B07E001F7BA6 /* FriendsTests */ = {
			isa = PBXGroup;
			children = (
				5C91BE8B25F2B07E001F7BA6 /* FriendsTests.swift */,
				5C91BE8D25F2B07E001F7BA6 /* Info.plist */,
			);
			path = FriendsTests;
			sourceTree = "<group>";
		};
		5C91BE9525F2B07E001F7BA6 /* FriendsUITests */ = {
			isa = PBXGroup;
			children = (
				5C91BE9625F2B07E001F7BA6 /* FriendsUITests.swift */,
				5C91BE9825F2B07E001F7BA6 /* Info.plist */,
			);
			path = FriendsUITests;
			sourceTree = "<group>";
		};
		5C91BEAA25F56B38001F7BA6 /* models */ = {
			isa = PBXGroup;
			children = (
				5C91BEB125F56C8B001F7BA6 /* UserModel.swift */,
				5C91BEE125F6AAFE001F7BA6 /* LoginRequestModel.swift */,
			);
			path = models;
			sourceTree = "<group>";
		};
		5C91BEAB25F56C00001F7BA6 /* service */ = {
			isa = PBXGroup;
			children = (
				5C91BEAC25F56C17001F7BA6 /* LoginService.swift */,
				5C91BED725F6A917001F7BA6 /* BaseAPI.swift */,
			);
			path = service;
			sourceTree = "<group>";
		};
		5C91BEB625F56D19001F7BA6 /* views */ = {
			isa = PBXGroup;
			children = (
				5C91BEB925F56DE8001F7BA6 /* friends */,
				5C91BEB825F56DD5001F7BA6 /* login */,
			);
			path = views;
			sourceTree = "<group>";
		};
		5C91BEB825F56DD5001F7BA6 /* login */ = {
			isa = PBXGroup;
			children = (
				5C91BE7825F2B07B001F7BA6 /* LoginViewController.swift */,
				5C91BEBA25F56DFF001F7BA6 /* LoginViewModel.swift */,
			);
			path = login;
			sourceTree = "<group>";
		};
		5C91BEB925F56DE8001F7BA6 /* friends */ = {
			isa = PBXGroup;
			children = (
				5C91BEBF25F56E24001F7BA6 /* FriendsViewModel.swift */,
				5C91BEC425F56E36001F7BA6 /* FriendsViewController.swift */,
			);
			path = friends;
			sourceTree = "<group>";
		};
		5C91BEE625F6AB85001F7BA6 /* common */ = {
			isa = PBXGroup;
			children = (
				5C91BEE725F6AB96001F7BA6 /* Constants.swift */,
				5C91BEDC25F6AABC001F7BA6 /* Extensions.swift */,
				5C91BEEF25F771BB001F7BA6 /* LiveData.swift */,
			);
			path = common;
			sourceTree = "<group>";
		};
/* End PBXGroup section */

/* Begin PBXNativeTarget section */
		5C91BE7025F2B07B001F7BA6 /* Friends */ = {
			isa = PBXNativeTarget;
			buildConfigurationList = 5C91BE9B25F2B07E001F7BA6 /* Build configuration list for PBXNativeTarget "Friends" */;
			buildPhases = (
				5C91BE6D25F2B07B001F7BA6 /* Sources */,
				5C91BE6E25F2B07B001F7BA6 /* Frameworks */,
				5C91BE6F25F2B07B001F7BA6 /* Resources */,
			);
			buildRules = (
			);
			dependencies = (
			);
			name = Friends;
			productName = Friends;
			productReference = 5C91BE7125F2B07B001F7BA6 /* Friends.app */;
			productType = "com.apple.product-type.application";
		};
		5C91BE8625F2B07E001F7BA6 /* FriendsTests */ = {
			isa = PBXNativeTarget;
			buildConfigurationList = 5C91BE9E25F2B07E001F7BA6 /* Build configuration list for PBXNativeTarget "FriendsTests" */;
			buildPhases = (
				5C91BE8325F2B07E001F7BA6 /* Sources */,
				5C91BE8425F2B07E001F7BA6 /* Frameworks */,
				5C91BE8525F2B07E001F7BA6 /* Resources */,
			);
			buildRules = (
			);
			dependencies = (
				5C91BE8925F2B07E001F7BA6 /* PBXTargetDependency */,
			);
			name = FriendsTests;
			productName = FriendsTests;
			productReference = 5C91BE8725F2B07E001F7BA6 /* FriendsTests.xctest */;
			productType = "com.apple.product-type.bundle.unit-test";
		};
		5C91BE9125F2B07E001F7BA6 /* FriendsUITests */ = {
			isa = PBXNativeTarget;
			buildConfigurationList = 5C91BEA125F2B07E001F7BA6 /* Build configuration list for PBXNativeTarget "FriendsUITests" */;
			buildPhases = (
				5C91BE8E25F2B07E001F7BA6 /* Sources */,
				5C91BE8F25F2B07E001F7BA6 /* Frameworks */,
				5C91BE9025F2B07E001F7BA6 /* Resources */,
			);
			buildRules = (
			);
			dependencies = (
				5C91BE9425F2B07E001F7BA6 /* PBXTargetDependency */,
			);
			name = FriendsUITests;
			productName = FriendsUITests;
			productReference = 5C91BE9225F2B07E001F7BA6 /* FriendsUITests.xctest */;
			productType = "com.apple.product-type.bundle.ui-testing";
		};
/* End PBXNativeTarget section */

/* Begin PBXProject section */
		5C91BE6925F2B07B001F7BA6 /* Project object */ = {
			isa = PBXProject;
			attributes = {
				LastSwiftUpdateCheck = 1200;
				LastUpgradeCheck = 1200;
				TargetAttributes = {
					5C91BE7025F2B07B001F7BA6 = {
						CreatedOnToolsVersion = 12.0.1;
					};
					5C91BE8625F2B07E001F7BA6 = {
						CreatedOnToolsVersion = 12.0.1;
						TestTargetID = 5C91BE7025F2B07B001F7BA6;
					};
					5C91BE9125F2B07E001F7BA6 = {
						CreatedOnToolsVersion = 12.0.1;
						TestTargetID = 5C91BE7025F2B07B001F7BA6;
					};
				};
			};
			buildConfigurationList = 5C91BE6C25F2B07B001F7BA6 /* Build configuration list for PBXProject "Friends" */;
			compatibilityVersion = "Xcode 9.3";
			developmentRegion = en;
			hasScannedForEncodings = 0;
			knownRegions = (
				en,
				Base,
			);
			mainGroup = 5C91BE6825F2B07B001F7BA6;
			productRefGroup = 5C91BE7225F2B07B001F7BA6 /* Products */;
			projectDirPath = "";
			projectRoot = "";
			targets = (
				5C91BE7025F2B07B001F7BA6 /* Friends */,
				5C91BE8625F2B07E001F7BA6 /* FriendsTests */,
				5C91BE9125F2B07E001F7BA6 /* FriendsUITests */,
			);
		};
/* End PBXProject section */

/* Begin PBXResourcesBuildPhase section */
		5C91BE6F25F2B07B001F7BA6 /* Resources */ = {
			isa = PBXResourcesBuildPhase;
			buildActionMask = 2147483647;
			files = (
				5C91BE8125F2B07E001F7BA6 /* LaunchScreen.storyboard in Resources */,
				5C91BE7E25F2B07E001F7BA6 /* Assets.xcassets in Resources */,
				5C91BE7C25F2B07B001F7BA6 /* Main.storyboard in Resources */,
			);
			runOnlyForDeploymentPostprocessing = 0;
		};
		5C91BE8525F2B07E001F7BA6 /* Resources */ = {
			isa = PBXResourcesBuildPhase;
			buildActionMask = 2147483647;
			files = (
			);
			runOnlyForDeploymentPostprocessing = 0;
		};
		5C91BE9025F2B07E001F7BA6 /* Resources */ = {
			isa = PBXResourcesBuildPhase;
			buildActionMask = 2147483647;
			files = (
			);
			runOnlyForDeploymentPostprocessing = 0;
		};
/* End PBXResourcesBuildPhase section */

/* Begin PBXSourcesBuildPhase section */
		5C91BE6D25F2B07B001F7BA6 /* Sources */ = {
			isa = PBXSourcesBuildPhase;
			buildActionMask = 2147483647;
			files = (
				5C91BEC525F56E36001F7BA6 /* FriendsViewController.swift in Sources */,
				5C91BE7925F2B07B001F7BA6 /* LoginViewController.swift in Sources */,
				5C91BE7525F2B07B001F7BA6 /* AppDelegate.swift in Sources */,
				5C91BED825F6A917001F7BA6 /* BaseAPI.swift in Sources */,
				5C91BEBB25F56DFF001F7BA6 /* LoginViewModel.swift in Sources */,
				5C91BEDD25F6AABD001F7BA6 /* Extensions.swift in Sources */,
				5C91BE7725F2B07B001F7BA6 /* SceneDelegate.swift in Sources */,
				5C91BEE225F6AAFE001F7BA6 /* LoginRequestModel.swift in Sources */,
				5C91BEC025F56E24001F7BA6 /* FriendsViewModel.swift in Sources */,
				5C91BEB225F56C8B001F7BA6 /* UserModel.swift in Sources */,
				5C91BEF025F771BB001F7BA6 /* LiveData.swift in Sources */,
				5C91BEAD25F56C17001F7BA6 /* LoginService.swift in Sources */,
				5C91BEE825F6AB96001F7BA6 /* Constants.swift in Sources */,
			);
			runOnlyForDeploymentPostprocessing = 0;
		};
		5C91BE8325F2B07E001F7BA6 /* Sources */ = {
			isa = PBXSourcesBuildPhase;
			buildActionMask = 2147483647;
			files = (
				5C91BE8C25F2B07E001F7BA6 /* FriendsTests.swift in Sources */,
			);
			runOnlyForDeploymentPostprocessing = 0;
		};
		5C91BE8E25F2B07E001F7BA6 /* Sources */ = {
			isa = PBXSourcesBuildPhase;
			buildActionMask = 2147483647;
			files = (
				5C91BE9725F2B07E001F7BA6 /* FriendsUITests.swift in Sources */,
			);
			runOnlyForDeploymentPostprocessing = 0;
		};
/* End PBXSourcesBuildPhase section */

/* Begin PBXTargetDependency section */
		5C91BE8925F2B07E001F7BA6 /* PBXTargetDependency */ = {
			isa = PBXTargetDependency;
			target = 5C91BE7025F2B07B001F7BA6 /* Friends */;
			targetProxy = 5C91BE8825F2B07E001F7BA6 /* PBXContainerItemProxy */;
		};
		5C91BE9425F2B07E001F7BA6 /* PBXTargetDependency */ = {
			isa = PBXTargetDependency;
			target = 5C91BE7025F2B07B001F7BA6 /* Friends */;
			targetProxy = 5C91BE9325F2B07E001F7BA6 /* PBXContainerItemProxy */;
		};
/* End PBXTargetDependency section */

/* Begin PBXVariantGroup section */
		5C91BE7A25F2B07B001F7BA6 /* Main.storyboard */ = {
			isa = PBXVariantGroup;
			children = (
				5C91BE7B25F2B07B001F7BA6 /* Base */,
			);
			name = Main.storyboard;
			sourceTree = "<group>";
		};
		5C91BE7F25F2B07E001F7BA6 /* LaunchScreen.storyboard */ = {
			isa = PBXVariantGroup;
			children = (
				5C91BE8025F2B07E001F7BA6 /* Base */,
			);
			name = LaunchScreen.storyboard;
			sourceTree = "<group>";
		};
/* End PBXVariantGroup section */

/* Begin XCBuildConfiguration section */
		5C91BE9925F2B07E001F7BA6 /* Debug */ = {
			isa = XCBuildConfiguration;
			buildSettings = {
				ALWAYS_SEARCH_USER_PATHS = NO;
				CLANG_ANALYZER_NONNULL = YES;
				CLANG_ANALYZER_NUMBER_OBJECT_CONVERSION = YES_AGGRESSIVE;
				CLANG_CXX_LANGUAGE_STANDARD = "gnu++14";
				CLANG_CXX_LIBRARY = "libc++";
				CLANG_ENABLE_MODULES = YES;
				CLANG_ENABLE_OBJC_ARC = YES;
				CLANG_ENABLE_OBJC_WEAK = YES;
				CLANG_WARN_BLOCK_CAPTURE_AUTORELEASING = YES;
				CLANG_WARN_BOOL_CONVERSION = YES;
				CLANG_WARN_COMMA = YES;
				CLANG_WARN_CONSTANT_CONVERSION = YES;
				CLANG_WARN_DEPRECATED_OBJC_IMPLEMENTATIONS = YES;
				CLANG_WARN_DIRECT_OBJC_ISA_USAGE = YES_ERROR;
				CLANG_WARN_DOCUMENTATION_COMMENTS = YES;
				CLANG_WARN_EMPTY_BODY = YES;
				CLANG_WARN_ENUM_CONVERSION = YES;
				CLANG_WARN_INFINITE_RECURSION = YES;
				CLANG_WARN_INT_CONVERSION = YES;
				CLANG_WARN_NON_LITERAL_NULL_CONVERSION = YES;
				CLANG_WARN_OBJC_IMPLICIT_RETAIN_SELF = YES;
				CLANG_WARN_OBJC_LITERAL_CONVERSION = YES;
				CLANG_WARN_OBJC_ROOT_CLASS = YES_ERROR;
				CLANG_WARN_QUOTED_INCLUDE_IN_FRAMEWORK_HEADER = YES;
				CLANG_WARN_RANGE_LOOP_ANALYSIS = YES;
				CLANG_WARN_STRICT_PROTOTYPES = YES;
				CLANG_WARN_SUSPICIOUS_MOVE = YES;
				CLANG_WARN_UNGUARDED_AVAILABILITY = YES_AGGRESSIVE;
				CLANG_WARN_UNREACHABLE_CODE = YES;
				CLANG_WARN__DUPLICATE_METHOD_MATCH = YES;
				COPY_PHASE_STRIP = NO;
				DEBUG_INFORMATION_FORMAT = dwarf;
				ENABLE_STRICT_OBJC_MSGSEND = YES;
				ENABLE_TESTABILITY = YES;
				GCC_C_LANGUAGE_STANDARD = gnu11;
				GCC_DYNAMIC_NO_PIC = NO;
				GCC_NO_COMMON_BLOCKS = YES;
				GCC_OPTIMIZATION_LEVEL = 0;
				GCC_PREPROCESSOR_DEFINITIONS = (
					"DEBUG=1",
					"$(inherited)",
				);
				GCC_WARN_64_TO_32_BIT_CONVERSION = YES;
				GCC_WARN_ABOUT_RETURN_TYPE = YES_ERROR;
				GCC_WARN_UNDECLARED_SELECTOR = YES;
				GCC_WARN_UNINITIALIZED_AUTOS = YES_AGGRESSIVE;
				GCC_WARN_UNUSED_FUNCTION = YES;
				GCC_WARN_UNUSED_VARIABLE = YES;
				IPHONEOS_DEPLOYMENT_TARGET = 14.0;
				MTL_ENABLE_DEBUG_INFO = INCLUDE_SOURCE;
				MTL_FAST_MATH = YES;
				ONLY_ACTIVE_ARCH = YES;
				SDKROOT = iphoneos;
				SWIFT_ACTIVE_COMPILATION_CONDITIONS = DEBUG;
				SWIFT_OPTIMIZATION_LEVEL = "-Onone";
			};
			name = Debug;
		};
		5C91BE9A25F2B07E001F7BA6 /* Release */ = {
			isa = XCBuildConfiguration;
			buildSettings = {
				ALWAYS_SEARCH_USER_PATHS = NO;
				CLANG_ANALYZER_NONNULL = YES;
				CLANG_ANALYZER_NUMBER_OBJECT_CONVERSION = YES_AGGRESSIVE;
				CLANG_CXX_LANGUAGE_STANDARD = "gnu++14";
				CLANG_CXX_LIBRARY = "libc++";
				CLANG_ENABLE_MODULES = YES;
				CLANG_ENABLE_OBJC_ARC = YES;
				CLANG_ENABLE_OBJC_WEAK = YES;
				CLANG_WARN_BLOCK_CAPTURE_AUTORELEASING = YES;
				CLANG_WARN_BOOL_CONVERSION = YES;
				CLANG_WARN_COMMA = YES;
				CLANG_WARN_CONSTANT_CONVERSION = YES;
				CLANG_WARN_DEPRECATED_OBJC_IMPLEMENTATIONS = YES;
				CLANG_WARN_DIRECT_OBJC_ISA_USAGE = YES_ERROR;
				CLANG_WARN_DOCUMENTATION_COMMENTS = YES;
				CLANG_WARN_EMPTY_BODY = YES;
				CLANG_WARN_ENUM_CONVERSION = YES;
				CLANG_WARN_INFINITE_RECURSION = YES;
				CLANG_WARN_INT_CONVERSION = YES;
				CLANG_WARN_NON_LITERAL_NULL_CONVERSION = YES;
				CLANG_WARN_OBJC_IMPLICIT_RETAIN_SELF = YES;
				CLANG_WARN_OBJC_LITERAL_CONVERSION = YES;
				CLANG_WARN_OBJC_ROOT_CLASS = YES_ERROR;
				CLANG_WARN_QUOTED_INCLUDE_IN_FRAMEWORK_HEADER = YES;
				CLANG_WARN_RANGE_LOOP_ANALYSIS = YES;
				CLANG_WARN_STRICT_PROTOTYPES = YES;
				CLANG_WARN_SUSPICIOUS_MOVE = YES;
				CLANG_WARN_UNGUARDED_AVAILABILITY = YES_AGGRESSIVE;
				CLANG_WARN_UNREACHABLE_CODE = YES;
				CLANG_WARN__DUPLICATE_METHOD_MATCH = YES;
				COPY_PHASE_STRIP = NO;
				DEBUG_INFORMATION_FORMAT = "dwarf-with-dsym";
				ENABLE_NS_ASSERTIONS = NO;
				ENABLE_STRICT_OBJC_MSGSEND = YES;
				GCC_C_LANGUAGE_STANDARD = gnu11;
				GCC_NO_COMMON_BLOCKS = YES;
				GCC_WARN_64_TO_32_BIT_CONVERSION = YES;
				GCC_WARN_ABOUT_RETURN_TYPE = YES_ERROR;
				GCC_WARN_UNDECLARED_SELECTOR = YES;
				GCC_WARN_UNINITIALIZED_AUTOS = YES_AGGRESSIVE;
				GCC_WARN_UNUSED_FUNCTION = YES;
				GCC_WARN_UNUSED_VARIABLE = YES;
				IPHONEOS_DEPLOYMENT_TARGET = 14.0;
				MTL_ENABLE_DEBUG_INFO = NO;
				MTL_FAST_MATH = YES;
				SDKROOT = iphoneos;
				SWIFT_COMPILATION_MODE = wholemodule;
				SWIFT_OPTIMIZATION_LEVEL = "-O";
				VALIDATE_PRODUCT = YES;
			};
			name = Release;
		};
		5C91BE9C25F2B07E001F7BA6 /* Debug */ = {
			isa = XCBuildConfiguration;
			buildSettings = {
				ASSETCATALOG_COMPILER_APPICON_NAME = AppIcon;
				ASSETCATALOG_COMPILER_GLOBAL_ACCENT_COLOR_NAME = AccentColor;
				CODE_SIGN_STYLE = Automatic;
				DEVELOPMENT_TEAM = Q54999GL5Z;
				INFOPLIST_FILE = Friends/Info.plist;
				LD_RUNPATH_SEARCH_PATHS = (
					"$(inherited)",
					"@executable_path/Frameworks",
				);
				PRODUCT_BUNDLE_IDENTIFIER = com.nkanyiso.Friends;
				PRODUCT_NAME = "$(TARGET_NAME)";
				SWIFT_VERSION = 5.0;
				TARGETED_DEVICE_FAMILY = "1,2";
			};
			name = Debug;
		};
		5C91BE9D25F2B07E001F7BA6 /* Release */ = {
			isa = XCBuildConfiguration;
			buildSettings = {
				ASSETCATALOG_COMPILER_APPICON_NAME = AppIcon;
				ASSETCATALOG_COMPILER_GLOBAL_ACCENT_COLOR_NAME = AccentColor;
				CODE_SIGN_STYLE = Automatic;
				DEVELOPMENT_TEAM = Q54999GL5Z;
				INFOPLIST_FILE = Friends/Info.plist;
				LD_RUNPATH_SEARCH_PATHS = (
					"$(inherited)",
					"@executable_path/Frameworks",
				);
				PRODUCT_BUNDLE_IDENTIFIER = com.nkanyiso.Friends;
				PRODUCT_NAME = "$(TARGET_NAME)";
				SWIFT_VERSION = 5.0;
				TARGETED_DEVICE_FAMILY = "1,2";
			};
			name = Release;
		};
		5C91BE9F25F2B07E001F7BA6 /* Debug */ = {
			isa = XCBuildConfiguration;
			buildSettings = {
				ALWAYS_EMBED_SWIFT_STANDARD_LIBRARIES = YES;
				BUNDLE_LOADER = "$(TEST_HOST)";
				CODE_SIGN_STYLE = Automatic;
				DEVELOPMENT_TEAM = Q54999GL5Z;
				INFOPLIST_FILE = FriendsTests/Info.plist;
				IPHONEOS_DEPLOYMENT_TARGET = 14.0;
				LD_RUNPATH_SEARCH_PATHS = (
					"$(inherited)",
					"@executable_path/Frameworks",
					"@loader_path/Frameworks",
				);
				PRODUCT_BUNDLE_IDENTIFIER = com.nkanyiso.FriendsTests;
				PRODUCT_NAME = "$(TARGET_NAME)";
				SWIFT_VERSION = 5.0;
				TARGETED_DEVICE_FAMILY = "1,2";
				TEST_HOST = "$(BUILT_PRODUCTS_DIR)/Friends.app/Friends";
			};
			name = Debug;
		};
		5C91BEA025F2B07E001F7BA6 /* Release */ = {
			isa = XCBuildConfiguration;
			buildSettings = {
				ALWAYS_EMBED_SWIFT_STANDARD_LIBRARIES = YES;
				BUNDLE_LOADER = "$(TEST_HOST)";
				CODE_SIGN_STYLE = Automatic;
				DEVELOPMENT_TEAM = Q54999GL5Z;
				INFOPLIST_FILE = FriendsTests/Info.plist;
				IPHONEOS_DEPLOYMENT_TARGET = 14.0;
				LD_RUNPATH_SEARCH_PATHS = (
					"$(inherited)",
					"@executable_path/Frameworks",
					"@loader_path/Frameworks",
				);
				PRODUCT_BUNDLE_IDENTIFIER = com.nkanyiso.FriendsTests;
				PRODUCT_NAME = "$(TARGET_NAME)";
				SWIFT_VERSION = 5.0;
				TARGETED_DEVICE_FAMILY = "1,2";
				TEST_HOST = "$(BUILT_PRODUCTS_DIR)/Friends.app/Friends";
			};
			name = Release;
		};
		5C91BEA225F2B07E001F7BA6 /* Debug */ = {
			isa = XCBuildConfiguration;
			buildSettings = {
				ALWAYS_EMBED_SWIFT_STANDARD_LIBRARIES = YES;
				CODE_SIGN_STYLE = Automatic;
				DEVELOPMENT_TEAM = Q54999GL5Z;
				INFOPLIST_FILE = FriendsUITests/Info.plist;
				LD_RUNPATH_SEARCH_PATHS = (
					"$(inherited)",
					"@executable_path/Frameworks",
					"@loader_path/Frameworks",
				);
				PRODUCT_BUNDLE_IDENTIFIER = com.nkanyiso.FriendsUITests;
				PRODUCT_NAME = "$(TARGET_NAME)";
				SWIFT_VERSION = 5.0;
				TARGETED_DEVICE_FAMILY = "1,2";
				TEST_TARGET_NAME = Friends;
			};
			name = Debug;
		};
		5C91BEA325F2B07E001F7BA6 /* Release */ = {
			isa = XCBuildConfiguration;
			buildSettings = {
				ALWAYS_EMBED_SWIFT_STANDARD_LIBRARIES = YES;
				CODE_SIGN_STYLE = Automatic;
				DEVELOPMENT_TEAM = Q54999GL5Z;
				INFOPLIST_FILE = FriendsUITests/Info.plist;
				LD_RUNPATH_SEARCH_PATHS = (
					"$(inherited)",
					"@executable_path/Frameworks",
					"@loader_path/Frameworks",
				);
				PRODUCT_BUNDLE_IDENTIFIER = com.nkanyiso.FriendsUITests;
				PRODUCT_NAME = "$(TARGET_NAME)";
				SWIFT_VERSION = 5.0;
				TARGETED_DEVICE_FAMILY = "1,2";
				TEST_TARGET_NAME = Friends;
			};
			name = Release;
		};
/* End XCBuildConfiguration section */

/* Begin XCConfigurationList section */
		5C91BE6C25F2B07B001F7BA6 /* Build configuration list for PBXProject "Friends" */ = {
			isa = XCConfigurationList;
			buildConfigurations = (
				5C91BE9925F2B07E001F7BA6 /* Debug */,
				5C91BE9A25F2B07E001F7BA6 /* Release */,
			);
			defaultConfigurationIsVisible = 0;
			defaultConfigurationName = Release;
		};
		5C91BE9B25F2B07E001F7BA6 /* Build configuration list for PBXNativeTarget "Friends" */ = {
			isa = XCConfigurationList;
			buildConfigurations = (
				5C91BE9C25F2B07E001F7BA6 /* Debug */,
				5C91BE9D25F2B07E001F7BA6 /* Release */,
			);
			defaultConfigurationIsVisible = 0;
			defaultConfigurationName = Release;
		};
		5C91BE9E25F2B07E001F7BA6 /* Build configuration list for PBXNativeTarget "FriendsTests" */ = {
			isa = XCConfigurationList;
			buildConfigurations = (
				5C91BE9F25F2B07E001F7BA6 /* Debug */,
				5C91BEA025F2B07E001F7BA6 /* Release */,
			);
			defaultConfigurationIsVisible = 0;
			defaultConfigurationName = Release;
		};
		5C91BEA125F2B07E001F7BA6 /* Build configuration list for PBXNativeTarget "FriendsUITests" */ = {
			isa = XCConfigurationList;
			buildConfigurations = (
				5C91BEA225F2B07E001F7BA6 /* Debug */,
				5C91BEA325F2B07E001F7BA6 /* Release */,
			);
			defaultConfigurationIsVisible = 0;
			defaultConfigurationName = Release;
		};
/* End XCConfigurationList section */
	};
	rootObject = 5C91BE6925F2B07B001F7BA6 /* Project object */;
}
